// !$*UTF8*$!
{
	archiveVersion = 1;
	classes = {
	};
	objectVersion = 46;
	objects = {

/* Begin PBXBuildFile section */
		8963A0CF1E790E3C00B15626 /* main.m in Sources */ = {isa = PBXBuildFile; fileRef = 8963A0CE1E790E3C00B15626 /* main.m */; };
		8963A0D21E790E3C00B15626 /* AppDelegate.m in Sources */ = {isa = PBXBuildFile; fileRef = 8963A0D11E790E3C00B15626 /* AppDelegate.m */; };
		8963A0D51E790E3C00B15626 /* ViewController.m in Sources */ = {isa = PBXBuildFile; fileRef = 8963A0D41E790E3C00B15626 /* ViewController.m */; };
		8963A0D81E790E3C00B15626 /* Main.storyboard in Resources */ = {isa = PBXBuildFile; fileRef = 8963A0D61E790E3C00B15626 /* Main.storyboard */; };
		8963A0DA1E790E3C00B15626 /* Assets.xcassets in Resources */ = {isa = PBXBuildFile; fileRef = 8963A0D91E790E3C00B15626 /* Assets.xcassets */; };
		8963A0DD1E790E3C00B15626 /* LaunchScreen.storyboard in Resources */ = {isa = PBXBuildFile; fileRef = 8963A0DB1E790E3C00B15626 /* LaunchScreen.storyboard */; };
		8963A0E61E790F2900B15626 /* ISO8583_ParseUtil.m in Sources */ = {isa = PBXBuildFile; fileRef = 8963A0E51E790F2900B15626 /* ISO8583_ParseUtil.m */; };
		8963A0EB1E79290A00B15626 /* ISO8583_BITMAP.m in Sources */ = {isa = PBXBuildFile; fileRef = 8963A0E81E79290A00B15626 /* ISO8583_BITMAP.m */; };
		8963A0EC1E79290A00B15626 /* ISO8583_domain.m in Sources */ = {isa = PBXBuildFile; fileRef = 8963A0EA1E79290A00B15626 /* ISO8583_domain.m */; };
		8963A0F01E792EE300B15626 /* NSString+Trans.m in Sources */ = {isa = PBXBuildFile; fileRef = 8963A0EF1E792EE300B15626 /* NSString+Trans.m */; };
		8963A0FE1E79908800B15626 /* DomainLUT.json in Resources */ = {isa = PBXBuildFile; fileRef = 8963A0FD1E79908800B15626 /* DomainLUT.json */; };
/* End PBXBuildFile section */

/* Begin PBXFileReference section */
		8963A0CA1E790E3C00B15626 /* iso8583_ParseUtil.app */ = {isa = PBXFileReference; explicitFileType = wrapper.application; includeInIndex = 0; path = iso8583_ParseUtil.app; sourceTree = BUILT_PRODUCTS_DIR; };
		8963A0CE1E790E3C00B15626 /* main.m */ = {isa = PBXFileReference; lastKnownFileType = sourcecode.c.objc; path = main.m; sourceTree = "<group>"; };
		8963A0D01E790E3C00B15626 /* AppDelegate.h */ = {isa = PBXFileReference; lastKnownFileType = sourcecode.c.h; path = AppDelegate.h; sourceTree = "<group>"; };
		8963A0D11E790E3C00B15626 /* AppDelegate.m */ = {isa = PBXFileReference; lastKnownFileType = sourcecode.c.objc; path = AppDelegate.m; sourceTree = "<group>"; };
		8963A0D31E790E3C00B15626 /* ViewController.h */ = {isa = PBXFileReference; lastKnownFileType = sourcecode.c.h; path = ViewController.h; sourceTree = "<group>"; };
		8963A0D41E790E3C00B15626 /* ViewController.m */ = {isa = PBXFileReference; lastKnownFileType = sourcecode.c.objc; path = ViewController.m; sourceTree = "<group>"; };
		8963A0D71E790E3C00B15626 /* Base */ = {isa = PBXFileReference; lastKnownFileType = file.storyboard; name = Base; path = Base.lproj/Main.storyboard; sourceTree = "<group>"; };
		8963A0D91E790E3C00B15626 /* Assets.xcassets */ = {isa = PBXFileReference; lastKnownFileType = folder.assetcatalog; path = Assets.xcassets; sourceTree = "<group>"; };
		8963A0DC1E790E3C00B15626 /* Base */ = {isa = PBXFileReference; lastKnownFileType = file.storyboard; name = Base; path = Base.lproj/LaunchScreen.storyboard; sourceTree = "<group>"; };
		8963A0DE1E790E3C00B15626 /* Info.plist */ = {isa = PBXFileReference; lastKnownFileType = text.plist.xml; path = Info.plist; sourceTree = "<group>"; };
		8963A0E41E790F2900B15626 /* ISO8583_ParseUtil.h */ = {isa = PBXFileReference; fileEncoding = 4; lastKnownFileType = sourcecode.c.h; path = ISO8583_ParseUtil.h; sourceTree = "<group>"; };
		8963A0E51E790F2900B15626 /* ISO8583_ParseUtil.m */ = {isa = PBXFileReference; fileEncoding = 4; lastKnownFileType = sourcecode.c.objc; path = ISO8583_ParseUtil.m; sourceTree = "<group>"; };
		8963A0E71E79290A00B15626 /* ISO8583_BITMAP.h */ = {isa = PBXFileReference; fileEncoding = 4; lastKnownFileType = sourcecode.c.h; path = ISO8583_BITMAP.h; sourceTree = "<group>"; };
		8963A0E81E79290A00B15626 /* ISO8583_BITMAP.m */ = {isa = PBXFileReference; fileEncoding = 4; lastKnownFileType = sourcecode.c.objc; path = ISO8583_BITMAP.m; sourceTree = "<group>"; };
		8963A0E91E79290A00B15626 /* ISO8583_domain.h */ = {isa = PBXFileReference; fileEncoding = 4; lastKnownFileType = sourcecode.c.h; path = ISO8583_domain.h; sourceTree = "<group>"; };
		8963A0EA1E79290A00B15626 /* ISO8583_domain.m */ = {isa = PBXFileReference; fileEncoding = 4; lastKnownFileType = sourcecode.c.objc; path = ISO8583_domain.m; sourceTree = "<group>"; };
		8963A0EE1E792EE300B15626 /* NSString+Trans.h */ = {isa = PBXFileReference; fileEncoding = 4; lastKnownFileType = sourcecode.c.h; path = "NSString+Trans.h"; sourceTree = "<group>"; };
		8963A0EF1E792EE300B15626 /* NSString+Trans.m */ = {isa = PBXFileReference; fileEncoding = 4; lastKnownFileType = sourcecode.c.objc; path = "NSString+Trans.m"; sourceTree = "<group>"; };
		8963A0FD1E79908800B15626 /* DomainLUT.json */ = {isa = PBXFileReference; fileEncoding = 4; lastKnownFileType = text.json; path = DomainLUT.json; sourceTree = "<group>"; };
		8963A1011E7A2C1100B15626 /* domainNames.h */ = {isa = PBXFileReference; lastKnownFileType = sourcecode.c.h; path = domainNames.h; sourceTree = "<group>"; };
/* End PBXFileReference section */

/* Begin PBXFrameworksBuildPhase section */
		8963A0C71E790E3C00B15626 /* Frameworks */ = {
			isa = PBXFrameworksBuildPhase;
			buildActionMask = 2147483647;
			files = (
			);
			runOnlyForDeploymentPostprocessing = 0;
		};
/* End PBXFrameworksBuildPhase section */

/* Begin PBXGroup section */
		8963A0C11E790E3C00B15626 = {
			isa = PBXGroup;
			children = (
				8963A0CC1E790E3C00B15626 /* iso8583_ParseUtil */,
				8963A0CB1E790E3C00B15626 /* Products */,
			);
			sourceTree = "<group>";
		};
		8963A0CB1E790E3C00B15626 /* Products */ = {
			isa = PBXGroup;
			children = (
				8963A0CA1E790E3C00B15626 /* iso8583_ParseUtil.app */,
			);
			name = Products;
			sourceTree = "<group>";
		};
		8963A0CC1E790E3C00B15626 /* iso8583_ParseUtil */ = {
			isa = PBXGroup;
			children = (
				8963A0D01E790E3C00B15626 /* AppDelegate.h */,
				8963A0D11E790E3C00B15626 /* AppDelegate.m */,
				8963A0D31E790E3C00B15626 /* ViewController.h */,
				8963A0D41E790E3C00B15626 /* ViewController.m */,
				8963A0D61E790E3C00B15626 /* Main.storyboard */,
				8963A1031E7A43FE00B15626 /* util */,
				8963A0D91E790E3C00B15626 /* Assets.xcassets */,
				8963A0DB1E790E3C00B15626 /* LaunchScreen.storyboard */,
				8963A0DE1E790E3C00B15626 /* Info.plist */,
				8963A0CD1E790E3C00B15626 /* Supporting Files */,
			);
			path = iso8583_ParseUtil;
			sourceTree = "<group>";
		};
		8963A0CD1E790E3C00B15626 /* Supporting Files */ = {
			isa = PBXGroup;
			children = (
				8963A0CE1E790E3C00B15626 /* main.m */,
			);
			name = "Supporting Files";
			sourceTree = "<group>";
		};
		8963A0ED1E79291100B15626 /* model */ = {
			isa = PBXGroup;
			children = (
				8963A0E71E79290A00B15626 /* ISO8583_BITMAP.h */,
				8963A0E81E79290A00B15626 /* ISO8583_BITMAP.m */,
				8963A0E91E79290A00B15626 /* ISO8583_domain.h */,
				8963A0EA1E79290A00B15626 /* ISO8583_domain.m */,
				8963A1011E7A2C1100B15626 /* domainNames.h */,
				8963A0E41E790F2900B15626 /* ISO8583_ParseUtil.h */,
				8963A0E51E790F2900B15626 /* ISO8583_ParseUtil.m */,
			);
			name = model;
			sourceTree = "<group>";
		};
		8963A0F11E792EE800B15626 /* category */ = {
			isa = PBXGroup;
			children = (
				8963A0EE1E792EE300B15626 /* NSString+Trans.h */,
				8963A0EF1E792EE300B15626 /* NSString+Trans.m */,
			);
			name = category;
			sourceTree = "<group>";
		};
		8963A1021E7A430400B15626 /* domainLUT */ = {
			isa = PBXGroup;
			children = (
				8963A0FD1E79908800B15626 /* DomainLUT.json */,
			);
			name = domainLUT;
			sourceTree = "<group>";
		};
		8963A1031E7A43FE00B15626 /* util */ = {
			isa = PBXGroup;
			children = (
				8963A1021E7A430400B15626 /* domainLUT */,
				8963A0F11E792EE800B15626 /* category */,
				8963A0ED1E79291100B15626 /* model */,
			);
			name = util;
			sourceTree = "<group>";
		};
/* End PBXGroup section */

/* Begin PBXNativeTarget section */
		8963A0C91E790E3C00B15626 /* iso8583_ParseUtil */ = {
			isa = PBXNativeTarget;
			buildConfigurationList = 8963A0E11E790E3C00B15626 /* Build configuration list for PBXNativeTarget "iso8583_ParseUtil" */;
			buildPhases = (
				8963A0C61E790E3C00B15626 /* Sources */,
				8963A0C71E790E3C00B15626 /* Frameworks */,
				8963A0C81E790E3C00B15626 /* Resources */,
			);
			buildRules = (
			);
			dependencies = (
			);
			name = iso8583_ParseUtil;
			productName = iso8583_ParseUtil;
			productReference = 8963A0CA1E790E3C00B15626 /* iso8583_ParseUtil.app */;
			productType = "com.apple.product-type.application";
		};
/* End PBXNativeTarget section */

/* Begin PBXProject section */
		8963A0C21E790E3C00B15626 /* Project object */ = {
			isa = PBXProject;
			attributes = {
				LastUpgradeCheck = 0820;
				ORGANIZATIONNAME = "Chen Defore";
				TargetAttributes = {
					8963A0C91E790E3C00B15626 = {
						CreatedOnToolsVersion = 8.2.1;
						DevelopmentTeam = C76TLF45XF;
						ProvisioningStyle = Automatic;
					};
				};
			};
			buildConfigurationList = 8963A0C51E790E3C00B15626 /* Build configuration list for PBXProject "iso8583_ParseUtil" */;
			compatibilityVersion = "Xcode 3.2";
			developmentRegion = English;
			hasScannedForEncodings = 0;
			knownRegions = (
				en,
				Base,
			);
			mainGroup = 8963A0C11E790E3C00B15626;
			productRefGroup = 8963A0CB1E790E3C00B15626 /* Products */;
			projectDirPath = "";
			projectRoot = "";
			targets = (
				8963A0C91E790E3C00B15626 /* iso8583_ParseUtil */,
			);
		};
/* End PBXProject section */

/* Begin PBXResourcesBuildPhase section */
		8963A0C81E790E3C00B15626 /* Resources */ = {
			isa = PBXResourcesBuildPhase;
			buildActionMask = 2147483647;
			files = (
				8963A0DD1E790E3C00B15626 /* LaunchScreen.storyboard in Resources */,
				8963A0DA1E790E3C00B15626 /* Assets.xcassets in Resources */,
				8963A0D81E790E3C00B15626 /* Main.storyboard in Resources */,
				8963A0FE1E79908800B15626 /* DomainLUT.json in Resources */,
			);
			runOnlyForDeploymentPostprocessing = 0;
		};
/* End PBXResourcesBuildPhase section */

/* Begin PBXSourcesBuildPhase section */
		8963A0C61E790E3C00B15626 /* Sources */ = {
			isa = PBXSourcesBuildPhase;
			buildActionMask = 2147483647;
			files = (
				8963A0EB1E79290A00B15626 /* ISO8583_BITMAP.m in Sources */,
				8963A0D51E790E3C00B15626 /* ViewController.m in Sources */,
				8963A0E61E790F2900B15626 /* ISO8583_ParseUtil.m in Sources */,
				8963A0D21E790E3C00B15626 /* AppDelegate.m in Sources */,
				8963A0EC1E79290A00B15626 /* ISO8583_domain.m in Sources */,
				8963A0CF1E790E3C00B15626 /* main.m in Sources */,
				8963A0F01E792EE300B15626 /* NSString+Trans.m in Sources */,
			);
			runOnlyForDeploymentPostprocessing = 0;
		};
/* End PBXSourcesBuildPhase section */

/* Begin PBXVariantGroup section */
		8963A0D61E790E3C00B15626 /* Main.storyboard */ = {
			isa = PBXVariantGroup;
			children = (
				8963A0D71E790E3C00B15626 /* Base */,
			);
			name = Main.storyboard;
			sourceTree = "<group>";
		};
		8963A0DB1E790E3C00B15626 /* LaunchScreen.storyboard */ = {
			isa = PBXVariantGroup;
			children = (
				8963A0DC1E790E3C00B15626 /* Base */,
			);
			name = LaunchScreen.storyboard;
			sourceTree = "<group>";
		};
/* End PBXVariantGroup section */

/* Begin XCBuildConfiguration section */
		8963A0DF1E790E3C00B15626 /* Debug */ = {
			isa = XCBuildConfiguration;
			buildSettings = {
				ALWAYS_SEARCH_USER_PATHS = NO;
				CLANG_ANALYZER_NONNULL = YES;
				CLANG_CXX_LANGUAGE_STANDARD = "gnu++0x";
				CLANG_CXX_LIBRARY = "libc++";
				CLANG_ENABLE_MODULES = YES;
				CLANG_ENABLE_OBJC_ARC = YES;
				CLANG_WARN_BOOL_CONVERSION = YES;
				CLANG_WARN_CONSTANT_CONVERSION = YES;
				CLANG_WARN_DIRECT_OBJC_ISA_USAGE = YES_ERROR;
				CLANG_WARN_DOCUMENTATION_COMMENTS = YES;
				CLANG_WARN_EMPTY_BODY = YES;
				CLANG_WARN_ENUM_CONVERSION = YES;
				CLANG_WARN_INFINITE_RECURSION = YES;
				CLANG_WARN_INT_CONVERSION = YES;
				CLANG_WARN_OBJC_ROOT_CLASS = YES_ERROR;
				CLANG_WARN_SUSPICIOUS_MOVE = YES;
				CLANG_WARN_UNREACHABLE_CODE = YES;
				CLANG_WARN__DUPLICATE_METHOD_MATCH = YES;
				"CODE_SIGN_IDENTITY[sdk=iphoneos*]" = "iPhone Developer";
				COPY_PHASE_STRIP = NO;
				DEBUG_INFORMATION_FORMAT = dwarf;
				ENABLE_STRICT_OBJC_MSGSEND = YES;
				ENABLE_TESTABILITY = YES;
				GCC_C_LANGUAGE_STANDARD = gnu99;
				GCC_DYNAMIC_NO_PIC = NO;
				GCC_NO_COMMON_BLOCKS = YES;
				GCC_OPTIMIZATION_LEVEL = 0;
				GCC_PREPROCESSOR_DEFINITIONS = (
					"DEBUG=1",
					"$(inherited)",
				);
				GCC_WARN_64_TO_32_BIT_CONVERSION = YES;
				GCC_WARN_ABOUT_RETURN_TYPE = YES_ERROR;
				GCC_WARN_UNDECLARED_SELECTOR = YES;
				GCC_WARN_UNINITIALIZED_AUTOS = YES_AGGRESSIVE;
				GCC_WARN_UNUSED_FUNCTION = YES;
				GCC_WARN_UNUSED_VARIABLE = YES;
				IPHONEOS_DEPLOYMENT_TARGET = 10.2;
				MTL_ENABLE_DEBUG_INFO = YES;
				ONLY_ACTIVE_ARCH = YES;
				SDKROOT = iphoneos;
			};
			name = Debug;
		};
		8963A0E01E790E3C00B15626 /* Release */ = {
			isa = XCBuildConfiguration;
			buildSettings = {
				ALWAYS_SEARCH_USER_PATHS = NO;
				CLANG_ANALYZER_NONNULL = YES;
				CLANG_CXX_LANGUAGE_STANDARD = "gnu++0x";
				CLANG_CXX_LIBRARY = "libc++";
				CLANG_ENABLE_MODULES = YES;
				CLANG_ENABLE_OBJC_ARC = YES;
				CLANG_WARN_BOOL_CONVERSION = YES;
				CLANG_WARN_CONSTANT_CONVERSION = YES;
				CLANG_WARN_DIRECT_OBJC_ISA_USAGE = YES_ERROR;
				CLANG_WARN_DOCUMENTATION_COMMENTS = YES;
				CLANG_WARN_EMPTY_BODY = YES;
				CLANG_WARN_ENUM_CONVERSION = YES;
				CLANG_WARN_INFINITE_RECURSION = YES;
				CLANG_WARN_INT_CONVERSION = YES;
				CLANG_WARN_OBJC_ROOT_CLASS = YES_ERROR;
				CLANG_WARN_SUSPICIOUS_MOVE = YES;
				CLANG_WARN_UNREACHABLE_CODE = YES;
				CLANG_WARN__DUPLICATE_METHOD_MATCH = YES;
				"CODE_SIGN_IDENTITY[sdk=iphoneos*]" = "iPhone Developer";
				COPY_PHASE_STRIP = NO;
				DEBUG_INFORMATION_FORMAT = "dwarf-with-dsym";
				ENABLE_NS_ASSERTIONS = NO;
				ENABLE_STRICT_OBJC_MSGSEND = YES;
				GCC_C_LANGUAGE_STANDARD = gnu99;
				GCC_NO_COMMON_BLOCKS = YES;
				GCC_WARN_64_TO_32_BIT_CONVERSION = YES;
				GCC_WARN_ABOUT_RETURN_TYPE = YES_ERROR;
				GCC_WARN_UNDECLARED_SELECTOR = YES;
				GCC_WARN_UNINITIALIZED_AUTOS = YES_AGGRESSIVE;
				GCC_WARN_UNUSED_FUNCTION = YES;
				GCC_WARN_UNUSED_VARIABLE = YES;
				IPHONEOS_DEPLOYMENT_TARGET = 10.2;
				MTL_ENABLE_DEBUG_INFO = NO;
				SDKROOT = iphoneos;
				VALIDATE_PRODUCT = YES;
			};
			name = Release;
		};
		8963A0E21E790E3C00B15626 /* Debug */ = {
			isa = XCBuildConfiguration;
			buildSettings = {
				ASSETCATALOG_COMPILER_APPICON_NAME = AppIcon;
				DEVELOPMENT_TEAM = C76TLF45XF;
				INFOPLIST_FILE = iso8583_ParseUtil/Info.plist;
				IPHONEOS_DEPLOYMENT_TARGET = 8.0;
				LD_RUNPATH_SEARCH_PATHS = "$(inherited) @executable_path/Frameworks";
				PRODUCT_BUNDLE_IDENTIFIER = "Newland.iso8583-ParseUtil";
				PRODUCT_NAME = "$(TARGET_NAME)";
			};
			name = Debug;
		};
		8963A0E31E790E3C00B15626 /* Release */ = {
			isa = XCBuildConfiguration;
			buildSettings = {
				ASSETCATALOG_COMPILER_APPICON_NAME = AppIcon;
				DEVELOPMENT_TEAM = C76TLF45XF;
				INFOPLIST_FILE = iso8583_ParseUtil/Info.plist;
				IPHONEOS_DEPLOYMENT_TARGET = 8.0;
				LD_RUNPATH_SEARCH_PATHS = "$(inherited) @executable_path/Frameworks";
				PRODUCT_BUNDLE_IDENTIFIER = "Newland.iso8583-ParseUtil";
				PRODUCT_NAME = "$(TARGET_NAME)";
			};
			name = Release;
		};
/* End XCBuildConfiguration section */

/* Begin XCConfigurationList section */
		8963A0C51E790E3C00B15626 /* Build configuration list for PBXProject "iso8583_ParseUtil" */ = {
			isa = XCConfigurationList;
			buildConfigurations = (
				8963A0DF1E790E3C00B15626 /* Debug */,
				8963A0E01E790E3C00B15626 /* Release */,
			);
			defaultConfigurationIsVisible = 0;
			defaultConfigurationName = Release;
		};
		8963A0E11E790E3C00B15626 /* Build configuration list for PBXNativeTarget "iso8583_ParseUtil" */ = {
			isa = XCConfigurationList;
			buildConfigurations = (
				8963A0E21E790E3C00B15626 /* Debug */,
				8963A0E31E790E3C00B15626 /* Release */,
			);
			defaultConfigurationIsVisible = 0;
		};
/* End XCConfigurationList section */
	};
	rootObject = 8963A0C21E790E3C00B15626 /* Project object */;
}
